
Microsoft Visual Studio Solution File, Format Version 12.00
# Visual Studio Version 16
VisualStudioVersion = 16.0.31702.278
MinimumVisualStudioVersion = 10.0.40219.1
Project("{FAE04EC0-301F-11D3-BF4B-00C04F79EFBC}") = "SportInvent", "SportInvent.csproj", "{9C03344C-EB4B-46D1-9852-8827022BD8B1}"
EndProject
Global
	GlobalSection(SolutionConfigurationPlatforms) = preSolution
		Debug|Any CPU = Debug|Any CPU
		Release|Any CPU = Release|Any CPU
	EndGlobalSection
	GlobalSection(ProjectConfigurationPlatforms) = postSolution
		{9C03344C-EB4B-46D1-9852-8827022BD8B1}.Debug|Any CPU.ActiveCfg = Debug|Any CPU
		{9C03344C-EB4B-46D1-9852-8827022BD8B1}.Debug|Any CPU.Build.0 = Debug|Any CPU
		{9C03344C-EB4B-46D1-9852-8827022BD8B1}.Release|Any CPU.ActiveCfg = Release|Any CPU
		{9C03344C-EB4B-46D1-9852-8827022BD8B1}.Release|Any CPU.Build.0 = Release|Any CPU
	EndGlobalSection
	GlobalSection(SolutionProperties) = preSolution
		HideSolutionNode = FALSE
	EndGlobalSection
	GlobalSection(ExtensibilityGlobals) = postSolution
		SolutionGuid = {CBBB77AA-6DAE-465E-AF30-6F240893C313}
	EndGlobalSection
EndGlobal
